
Microsoft Visual Studio Solution File, Format Version 12.00
# Visual Studio Version 16
VisualStudioVersion = 16.0.31005.135
MinimumVisualStudioVersion = 10.0.40219.1
Project("{9A19103F-16F7-4668-BE54-9A1E7A4F7556}") = "Chat.Domain", "Chat.Domain\Chat.Domain.csproj", "{29C4B075-DA0D-4B40-9619-4E858853A03B}"
EndProject
Project("{9A19103F-16F7-4668-BE54-9A1E7A4F7556}") = "Chat.App", "Chat.App\Chat.App.csproj", "{004E6E1E-EC67-439B-9911-47D6D47F3393}"
EndProject
Project("{9A19103F-16F7-4668-BE54-9A1E7A4F7556}") = "Chat.Model", "Chat.Models\Chat.Model.csproj", "{6346C077-C7EC-4505-891F-C12989CB1F5B}"
EndProject
Project("{9A19103F-16F7-4668-BE54-9A1E7A4F7556}") = "Chat.Business", "Chat.Business\Chat.Business.csproj", "{3E2D3FD6-02BC-471D-A4D7-5D3EB327F74F}"
EndProject
Project("{9A19103F-16F7-4668-BE54-9A1E7A4F7556}") = "Chat.Common", "Chat.Common\Chat.Common.csproj", "{F2315E0B-F4F2-47B5-A3FD-BCF0F359B938}"
EndProject
Project("{9A19103F-16F7-4668-BE54-9A1E7A4F7556}") = "Chat.Infraestructure", "Chat.Infraestructure\Chat.Infraestructure.csproj", "{DE493808-24FD-4403-998A-C824D735C86E}"
EndProject
Project("{9A19103F-16F7-4668-BE54-9A1E7A4F7556}") = "Chat.UnitTests", "Chat.UnitTests\Chat.UnitTests.csproj", "{BFC77836-04BC-42A8-A9F7-7733C2596964}"
EndProject
Project("{2150E333-8FDC-42A3-9474-1A3956D46DE8}") = "Tests", "Tests", "{BDEA494F-70C0-478A-A0EF-F45CE8000319}"
EndProject
Project("{9A19103F-16F7-4668-BE54-9A1E7A4F7556}") = "Chat.IntegrationTests", "Chat.IntegrationTests\Chat.IntegrationTests.csproj", "{346C54F0-B50C-4951-BF43-BB5860423295}"
EndProject
Global
	GlobalSection(SolutionConfigurationPlatforms) = preSolution
		Debug|Any CPU = Debug|Any CPU
		Release|Any CPU = Release|Any CPU
	EndGlobalSection
	GlobalSection(ProjectConfigurationPlatforms) = postSolution
		{29C4B075-DA0D-4B40-9619-4E858853A03B}.Debug|Any CPU.ActiveCfg = Debug|Any CPU
		{29C4B075-DA0D-4B40-9619-4E858853A03B}.Debug|Any CPU.Build.0 = Debug|Any CPU
		{29C4B075-DA0D-4B40-9619-4E858853A03B}.Release|Any CPU.ActiveCfg = Release|Any CPU
		{29C4B075-DA0D-4B40-9619-4E858853A03B}.Release|Any CPU.Build.0 = Release|Any CPU
		{004E6E1E-EC67-439B-9911-47D6D47F3393}.Debug|Any CPU.ActiveCfg = Debug|Any CPU
		{004E6E1E-EC67-439B-9911-47D6D47F3393}.Debug|Any CPU.Build.0 = Debug|Any CPU
		{004E6E1E-EC67-439B-9911-47D6D47F3393}.Release|Any CPU.ActiveCfg = Release|Any CPU
		{004E6E1E-EC67-439B-9911-47D6D47F3393}.Release|Any CPU.Build.0 = Release|Any CPU
		{6346C077-C7EC-4505-891F-C12989CB1F5B}.Debug|Any CPU.ActiveCfg = Debug|Any CPU
		{6346C077-C7EC-4505-891F-C12989CB1F5B}.Debug|Any CPU.Build.0 = Debug|Any CPU
		{6346C077-C7EC-4505-891F-C12989CB1F5B}.Release|Any CPU.ActiveCfg = Release|Any CPU
		{6346C077-C7EC-4505-891F-C12989CB1F5B}.Release|Any CPU.Build.0 = Release|Any CPU
		{3E2D3FD6-02BC-471D-A4D7-5D3EB327F74F}.Debug|Any CPU.ActiveCfg = Debug|Any CPU
		{3E2D3FD6-02BC-471D-A4D7-5D3EB327F74F}.Debug|Any CPU.Build.0 = Debug|Any CPU
		{3E2D3FD6-02BC-471D-A4D7-5D3EB327F74F}.Release|Any CPU.ActiveCfg = Release|Any CPU
		{3E2D3FD6-02BC-471D-A4D7-5D3EB327F74F}.Release|Any CPU.Build.0 = Release|Any CPU
		{F2315E0B-F4F2-47B5-A3FD-BCF0F359B938}.Debug|Any CPU.ActiveCfg = Debug|Any CPU
		{F2315E0B-F4F2-47B5-A3FD-BCF0F359B938}.Debug|Any CPU.Build.0 = Debug|Any CPU
		{F2315E0B-F4F2-47B5-A3FD-BCF0F359B938}.Release|Any CPU.ActiveCfg = Release|Any CPU
		{F2315E0B-F4F2-47B5-A3FD-BCF0F359B938}.Release|Any CPU.Build.0 = Release|Any CPU
		{DE493808-24FD-4403-998A-C824D735C86E}.Debug|Any CPU.ActiveCfg = Debug|Any CPU
		{DE493808-24FD-4403-998A-C824D735C86E}.Debug|Any CPU.Build.0 = Debug|Any CPU
		{DE493808-24FD-4403-998A-C824D735C86E}.Release|Any CPU.ActiveCfg = Release|Any CPU
		{DE493808-24FD-4403-998A-C824D735C86E}.Release|Any CPU.Build.0 = Release|Any CPU
		{BFC77836-04BC-42A8-A9F7-7733C2596964}.Debug|Any CPU.ActiveCfg = Debug|Any CPU
		{BFC77836-04BC-42A8-A9F7-7733C2596964}.Debug|Any CPU.Build.0 = Debug|Any CPU
		{BFC77836-04BC-42A8-A9F7-7733C2596964}.Release|Any CPU.ActiveCfg = Release|Any CPU
		{BFC77836-04BC-42A8-A9F7-7733C2596964}.Release|Any CPU.Build.0 = Release|Any CPU
		{346C54F0-B50C-4951-BF43-BB5860423295}.Debug|Any CPU.ActiveCfg = Debug|Any CPU
		{346C54F0-B50C-4951-BF43-BB5860423295}.Debug|Any CPU.Build.0 = Debug|Any CPU
		{346C54F0-B50C-4951-BF43-BB5860423295}.Release|Any CPU.ActiveCfg = Release|Any CPU
		{346C54F0-B50C-4951-BF43-BB5860423295}.Release|Any CPU.Build.0 = Release|Any CPU
	EndGlobalSection
	GlobalSection(SolutionProperties) = preSolution
		HideSolutionNode = FALSE
	EndGlobalSection
	GlobalSection(NestedProjects) = preSolution
		{BFC77836-04BC-42A8-A9F7-7733C2596964} = {BDEA494F-70C0-478A-A0EF-F45CE8000319}
		{346C54F0-B50C-4951-BF43-BB5860423295} = {BDEA494F-70C0-478A-A0EF-F45CE8000319}
	EndGlobalSection
	GlobalSection(ExtensibilityGlobals) = postSolution
		SolutionGuid = {9738A11C-1452-454C-9529-2F7932FB275A}
	EndGlobalSection
EndGlobal
